click==8.1.8 --hash=sha256:63c132bbbed01578a06712a2d1f497bb62d9c1c0d329b7903a866228027263b2
glob2==0.7 --hash=sha256:85c3dbd07c8aa26d63d7aacee34fa86e9a91a3873bc30bf62ec46e531f92ab8c
junit-xml==1.9 --hash=sha256:ec5ca1a55aefdd76d28fcc0b135251d156c7106fa979686a4b48d62b761b4732
mutmut==2.4.4 --hash=sha256:babd1ac579a817f94d5b944af70f1c5fee5ed117775be0a13c99b96b96841b23
parso==0.8.4 --hash=sha256:a418670a20291dacd2dddc80c377c5c3791378ee1e8d12bffc35420643d43f18
pony==0.7.19 --hash=sha256:5112b4cf40d3f24e93ae66dc5ab7dc6813388efa870e750928d60dc699873cf5
six==1.17.0 --hash=sha256:4721f391ed90541fddacab5acf947aa0d3dc7d27b2e1e8eda2be8970586c3274
toml==0.10.2 --hash=sha256:806143ae5bfb6a3c6e736a764057db0e6a0e05e338b5630894a5f779cabb4f9b
